
Microsoft Visual Studio Solution File, Format Version 12.00
# Visual Studio Version 16
VisualStudioVersion = 16.0.29709.97
MinimumVisualStudioVersion = 10.0.40219.1
Project("{FAE04EC0-301F-11D3-BF4B-00C04F79EFBC}") = "BulutWeb", "BulutWeb\BulutWeb.csproj", "{30517AEC-9679-4054-9CDF-4F7F4B665158}"
EndProject
Global
	GlobalSection(SolutionConfigurationPlatforms) = preSolution
		Debug|Any CPU = Debug|Any CPU
		Release|Any CPU = Release|Any CPU
	EndGlobalSection
	GlobalSection(ProjectConfigurationPlatforms) = postSolution
		{30517AEC-9679-4054-9CDF-4F7F4B665158}.Debug|Any CPU.ActiveCfg = Debug|Any CPU
		{30517AEC-9679-4054-9CDF-4F7F4B665158}.Debug|Any CPU.Build.0 = Debug|Any CPU
		{30517AEC-9679-4054-9CDF-4F7F4B665158}.Release|Any CPU.ActiveCfg = Release|Any CPU
		{30517AEC-9679-4054-9CDF-4F7F4B665158}.Release|Any CPU.Build.0 = Release|Any CPU
	EndGlobalSection
	GlobalSection(SolutionProperties) = preSolution
		HideSolutionNode = FALSE
	EndGlobalSection
	GlobalSection(ExtensibilityGlobals) = postSolution
		SolutionGuid = {1674427E-A7F6-4FD3-8306-E261515D3DD2}
	EndGlobalSection
EndGlobal
